
Microsoft Visual Studio Solution File, Format Version 12.00
# Visual Studio Version 16
VisualStudioVersion = 16.0.31410.357
MinimumVisualStudioVersion = 10.0.40219.1
Project("{FAE04EC0-301F-11D3-BF4B-00C04F79EFBC}") = "CMC-DME-Core-Angular", "CMC-DME-Core-Angular\CMC-DME-Core-Angular.csproj", "{812680B4-E60C-4647-9303-7E35E1A77191}"
EndProject
Global
	GlobalSection(SolutionConfigurationPlatforms) = preSolution
		Debug|Any CPU = Debug|Any CPU
		Release|Any CPU = Release|Any CPU
	EndGlobalSection
	GlobalSection(ProjectConfigurationPlatforms) = postSolution
		{812680B4-E60C-4647-9303-7E35E1A77191}.Debug|Any CPU.ActiveCfg = Debug|Any CPU
		{812680B4-E60C-4647-9303-7E35E1A77191}.Debug|Any CPU.Build.0 = Debug|Any CPU
		{812680B4-E60C-4647-9303-7E35E1A77191}.Release|Any CPU.ActiveCfg = Release|Any CPU
		{812680B4-E60C-4647-9303-7E35E1A77191}.Release|Any CPU.Build.0 = Release|Any CPU
	EndGlobalSection
	GlobalSection(SolutionProperties) = preSolution
		HideSolutionNode = FALSE
	EndGlobalSection
	GlobalSection(ExtensibilityGlobals) = postSolution
		SolutionGuid = {340E8937-8725-4055-97D6-E5B94D3248EC}
	EndGlobalSection
EndGlobal
